// !$*UTF8*$!
{
	archiveVersion = 1;
	classes = {
	};
	objectVersion = 55;
	objects = {

/* Begin PBXBuildFile section */
		204A53792E20F27481E9B81B /* Pods_RCSceneExample.framework in Frameworks */ = {isa = PBXBuildFile; fileRef = FF7DCF12300E77E93E6BAE0A /* Pods_RCSceneExample.framework */; };
		D735B24027E601F900EF74B3 /* AppDelegate.swift in Sources */ = {isa = PBXBuildFile; fileRef = D735B23F27E601F900EF74B3 /* AppDelegate.swift */; };
		D735B24227E601F900EF74B3 /* SceneDelegate.swift in Sources */ = {isa = PBXBuildFile; fileRef = D735B24127E601F900EF74B3 /* SceneDelegate.swift */; };
		D735B24427E601F900EF74B3 /* ViewController.swift in Sources */ = {isa = PBXBuildFile; fileRef = D735B24327E601F900EF74B3 /* ViewController.swift */; };
		D735B24727E601F900EF74B3 /* Main.storyboard in Resources */ = {isa = PBXBuildFile; fileRef = D735B24527E601F900EF74B3 /* Main.storyboard */; };
		D735B24927E601FE00EF74B3 /* Assets.xcassets in Resources */ = {isa = PBXBuildFile; fileRef = D735B24827E601FE00EF74B3 /* Assets.xcassets */; };
		D735B24C27E601FE00EF74B3 /* LaunchScreen.storyboard in Resources */ = {isa = PBXBuildFile; fileRef = D735B24A27E601FE00EF74B3 /* LaunchScreen.storyboard */; };
/* End PBXBuildFile section */

/* Begin PBXFileReference section */
		A54DD5B5F9047D944C9E039C /* Pods-RCSceneExample.release.xcconfig */ = {isa = PBXFileReference; includeInIndex = 1; lastKnownFileType = text.xcconfig; name = "Pods-RCSceneExample.release.xcconfig"; path = "Target Support Files/Pods-RCSceneExample/Pods-RCSceneExample.release.xcconfig"; sourceTree = "<group>"; };
		D735B23C27E601F900EF74B3 /* RCSceneExample.app */ = {isa = PBXFileReference; explicitFileType = wrapper.application; includeInIndex = 0; path = RCSceneExample.app; sourceTree = BUILT_PRODUCTS_DIR; };
		D735B23F27E601F900EF74B3 /* AppDelegate.swift */ = {isa = PBXFileReference; lastKnownFileType = sourcecode.swift; path = AppDelegate.swift; sourceTree = "<group>"; };
		D735B24127E601F900EF74B3 /* SceneDelegate.swift */ = {isa = PBXFileReference; lastKnownFileType = sourcecode.swift; path = SceneDelegate.swift; sourceTree = "<group>"; };
		D735B24327E601F900EF74B3 /* ViewController.swift */ = {isa = PBXFileReference; lastKnownFileType = sourcecode.swift; path = ViewController.swift; sourceTree = "<group>"; };
		D735B24627E601F900EF74B3 /* Base */ = {isa = PBXFileReference; lastKnownFileType = file.storyboard; name = Base; path = Base.lproj/Main.storyboard; sourceTree = "<group>"; };
		D735B24827E601FE00EF74B3 /* Assets.xcassets */ = {isa = PBXFileReference; lastKnownFileType = folder.assetcatalog; path = Assets.xcassets; sourceTree = "<group>"; };
		D735B24B27E601FE00EF74B3 /* Base */ = {isa = PBXFileReference; lastKnownFileType = file.storyboard; name = Base; path = Base.lproj/LaunchScreen.storyboard; sourceTree = "<group>"; };
		D735B24D27E601FE00EF74B3 /* Info.plist */ = {isa = PBXFileReference; lastKnownFileType = text.plist.xml; path = Info.plist; sourceTree = "<group>"; };
		D845C46C187A6927390C9749 /* Pods-RCSceneExample.debug.xcconfig */ = {isa = PBXFileReference; includeInIndex = 1; lastKnownFileType = text.xcconfig; name = "Pods-RCSceneExample.debug.xcconfig"; path = "Target Support Files/Pods-RCSceneExample/Pods-RCSceneExample.debug.xcconfig"; sourceTree = "<group>"; };
		FF7DCF12300E77E93E6BAE0A /* Pods_RCSceneExample.framework */ = {isa = PBXFileReference; explicitFileType = wrapper.framework; includeInIndex = 0; path = Pods_RCSceneExample.framework; sourceTree = BUILT_PRODUCTS_DIR; };
/* End PBXFileReference section */

/* Begin PBXFrameworksBuildPhase section */
		D735B23927E601F900EF74B3 /* Frameworks */ = {
			isa = PBXFrameworksBuildPhase;
			buildActionMask = 2147483647;
			files = (
				204A53792E20F27481E9B81B /* Pods_RCSceneExample.framework in Frameworks */,
			);
			runOnlyForDeploymentPostprocessing = 0;
		};
/* End PBXFrameworksBuildPhase section */

/* Begin PBXGroup section */
		26977BA3D6225576864AD9AC /* Frameworks */ = {
			isa = PBXGroup;
			children = (
				FF7DCF12300E77E93E6BAE0A /* Pods_RCSceneExample.framework */,
			);
			name = Frameworks;
			sourceTree = "<group>";
		};
		7C176BCBABE379868997AD28 /* Pods */ = {
			isa = PBXGroup;
			children = (
				D845C46C187A6927390C9749 /* Pods-RCSceneExample.debug.xcconfig */,
				A54DD5B5F9047D944C9E039C /* Pods-RCSceneExample.release.xcconfig */,
			);
			path = Pods;
			sourceTree = "<group>";
		};
		D735B23327E601F900EF74B3 = {
			isa = PBXGroup;
			children = (
				D735B23E27E601F900EF74B3 /* RCSceneExample */,
				D735B23D27E601F900EF74B3 /* Products */,
				7C176BCBABE379868997AD28 /* Pods */,
				26977BA3D6225576864AD9AC /* Frameworks */,
			);
			sourceTree = "<group>";
		};
		D735B23D27E601F900EF74B3 /* Products */ = {
			isa = PBXGroup;
			children = (
				D735B23C27E601F900EF74B3 /* RCSceneExample.app */,
			);
			name = Products;
			sourceTree = "<group>";
		};
		D735B23E27E601F900EF74B3 /* RCSceneExample */ = {
			isa = PBXGroup;
			children = (
				D735B23F27E601F900EF74B3 /* AppDelegate.swift */,
				D735B24127E601F900EF74B3 /* SceneDelegate.swift */,
				D735B24327E601F900EF74B3 /* ViewController.swift */,
				D735B24527E601F900EF74B3 /* Main.storyboard */,
				D735B24827E601FE00EF74B3 /* Assets.xcassets */,
				D735B24A27E601FE00EF74B3 /* LaunchScreen.storyboard */,
				D735B24D27E601FE00EF74B3 /* Info.plist */,
			);
			path = RCSceneExample;
			sourceTree = "<group>";
		};
/* End PBXGroup section */

/* Begin PBXNativeTarget section */
		D735B23B27E601F900EF74B3 /* RCSceneExample */ = {
			isa = PBXNativeTarget;
			buildConfigurationList = D735B25027E601FE00EF74B3 /* Build configuration list for PBXNativeTarget "RCSceneExample" */;
			buildPhases = (
				45F4CB3716DE8E7C0B7DEE3F /* [CP] Check Pods Manifest.lock */,
				D735B23827E601F900EF74B3 /* Sources */,
				D735B23927E601F900EF74B3 /* Frameworks */,
				D735B23A27E601F900EF74B3 /* Resources */,
				1646618F17547EA19014B17F /* [CP] Embed Pods Frameworks */,
				0A8B7D2731B0819FD9BAE6AD /* [CP] Copy Pods Resources */,
			);
			buildRules = (
			);
			dependencies = (
			);
			name = RCSceneExample;
			productName = RCSceneExample;
			productReference = D735B23C27E601F900EF74B3 /* RCSceneExample.app */;
			productType = "com.apple.product-type.application";
		};
/* End PBXNativeTarget section */

/* Begin PBXProject section */
		D735B23427E601F900EF74B3 /* Project object */ = {
			isa = PBXProject;
			attributes = {
				BuildIndependentTargetsInParallel = 1;
				LastSwiftUpdateCheck = 1330;
				LastUpgradeCheck = 1330;
				TargetAttributes = {
					D735B23B27E601F900EF74B3 = {
						CreatedOnToolsVersion = 13.3;
					};
				};
			};
			buildConfigurationList = D735B23727E601F900EF74B3 /* Build configuration list for PBXProject "RCSceneExample" */;
			compatibilityVersion = "Xcode 13.0";
			developmentRegion = en;
			hasScannedForEncodings = 0;
			knownRegions = (
				en,
				Base,
			);
			mainGroup = D735B23327E601F900EF74B3;
			productRefGroup = D735B23D27E601F900EF74B3 /* Products */;
			projectDirPath = "";
			projectRoot = "";
			targets = (
				D735B23B27E601F900EF74B3 /* RCSceneExample */,
			);
		};
/* End PBXProject section */

/* Begin PBXResourcesBuildPhase section */
		D735B23A27E601F900EF74B3 /* Resources */ = {
			isa = PBXResourcesBuildPhase;
			buildActionMask = 2147483647;
			files = (
				D735B24C27E601FE00EF74B3 /* LaunchScreen.storyboard in Resources */,
				D735B24927E601FE00EF74B3 /* Assets.xcassets in Resources */,
				D735B24727E601F900EF74B3 /* Main.storyboard in Resources */,
			);
			runOnlyForDeploymentPostprocessing = 0;
		};
/* End PBXResourcesBuildPhase section */

/* Begin PBXShellScriptBuildPhase section */
		0A8B7D2731B0819FD9BAE6AD /* [CP] Copy Pods Resources */ = {
			isa = PBXShellScriptBuildPhase;
			buildActionMask = 2147483647;
			files = (
			);
			inputFileListPaths = (
				"${PODS_ROOT}/Target Support Files/Pods-RCSceneExample/Pods-RCSceneExample-resources-${CONFIGURATION}-input-files.xcfilelist",
			);
			name = "[CP] Copy Pods Resources";
			outputFileListPaths = (
				"${PODS_ROOT}/Target Support Files/Pods-RCSceneExample/Pods-RCSceneExample-resources-${CONFIGURATION}-output-files.xcfilelist",
			);
			runOnlyForDeploymentPostprocessing = 0;
			shellPath = /bin/sh;
			shellScript = "\"${PODS_ROOT}/Target Support Files/Pods-RCSceneExample/Pods-RCSceneExample-resources.sh\"\n";
			showEnvVarsInLog = 0;
		};
		1646618F17547EA19014B17F /* [CP] Embed Pods Frameworks */ = {
			isa = PBXShellScriptBuildPhase;
			buildActionMask = 2147483647;
			files = (
			);
			inputFileListPaths = (
				"${PODS_ROOT}/Target Support Files/Pods-RCSceneExample/Pods-RCSceneExample-frameworks-${CONFIGURATION}-input-files.xcfilelist",
			);
			name = "[CP] Embed Pods Frameworks";
			outputFileListPaths = (
				"${PODS_ROOT}/Target Support Files/Pods-RCSceneExample/Pods-RCSceneExample-frameworks-${CONFIGURATION}-output-files.xcfilelist",
			);
			runOnlyForDeploymentPostprocessing = 0;
			shellPath = /bin/sh;
			shellScript = "\"${PODS_ROOT}/Target Support Files/Pods-RCSceneExample/Pods-RCSceneExample-frameworks.sh\"\n";
			showEnvVarsInLog = 0;
		};
		45F4CB3716DE8E7C0B7DEE3F /* [CP] Check Pods Manifest.lock */ = {
			isa = PBXShellScriptBuildPhase;
			buildActionMask = 2147483647;
			files = (
			);
			inputFileListPaths = (
			);
			inputPaths = (
				"${PODS_PODFILE_DIR_PATH}/Podfile.lock",
				"${PODS_ROOT}/Manifest.lock",
			);
			name = "[CP] Check Pods Manifest.lock";
			outputFileListPaths = (
			);
			outputPaths = (
				"$(DERIVED_FILE_DIR)/Pods-RCSceneExample-checkManifestLockResult.txt",
			);
			runOnlyForDeploymentPostprocessing = 0;
			shellPath = /bin/sh;
			shellScript = "diff \"${PODS_PODFILE_DIR_PATH}/Podfile.lock\" \"${PODS_ROOT}/Manifest.lock\" > /dev/null\nif [ $? != 0 ] ; then\n    # print error to STDERR\n    echo \"error: The sandbox is not in sync with the Podfile.lock. Run 'pod install' or update your CocoaPods installation.\" >&2\n    exit 1\nfi\n# This output is used by Xcode 'outputs' to avoid re-running this script phase.\necho \"SUCCESS\" > \"${SCRIPT_OUTPUT_FILE_0}\"\n";
			showEnvVarsInLog = 0;
		};
/* End PBXShellScriptBuildPhase section */

/* Begin PBXSourcesBuildPhase section */
		D735B23827E601F900EF74B3 /* Sources */ = {
			isa = PBXSourcesBuildPhase;
			buildActionMask = 2147483647;
			files = (
				D735B24427E601F900EF74B3 /* ViewController.swift in Sources */,
				D735B24027E601F900EF74B3 /* AppDelegate.swift in Sources */,
				D735B24227E601F900EF74B3 /* SceneDelegate.swift in Sources */,
			);
			runOnlyForDeploymentPostprocessing = 0;
		};
/* End PBXSourcesBuildPhase section */

/* Begin PBXVariantGroup section */
		D735B24527E601F900EF74B3 /* Main.storyboard */ = {
			isa = PBXVariantGroup;
			children = (
				D735B24627E601F900EF74B3 /* Base */,
			);
			name = Main.storyboard;
			sourceTree = "<group>";
		};
		D735B24A27E601FE00EF74B3 /* LaunchScreen.storyboard */ = {
			isa = PBXVariantGroup;
			children = (
				D735B24B27E601FE00EF74B3 /* Base */,
			);
			name = LaunchScreen.storyboard;
			sourceTree = "<group>";
		};
/* End PBXVariantGroup section */

/* Begin XCBuildConfiguration section */
		D735B24E27E601FE00EF74B3 /* Debug */ = {
			isa = XCBuildConfiguration;
			buildSettings = {
				ALWAYS_SEARCH_USER_PATHS = NO;
				CLANG_ANALYZER_NONNULL = YES;
				CLANG_ANALYZER_NUMBER_OBJECT_CONVERSION = YES_AGGRESSIVE;
				CLANG_CXX_LANGUAGE_STANDARD = "gnu++17";
				CLANG_ENABLE_MODULES = YES;
				CLANG_ENABLE_OBJC_ARC = YES;
				CLANG_ENABLE_OBJC_WEAK = YES;
				CLANG_WARN_BLOCK_CAPTURE_AUTORELEASING = YES;
				CLANG_WARN_BOOL_CONVERSION = YES;
				CLANG_WARN_COMMA = YES;
				CLANG_WARN_CONSTANT_CONVERSION = YES;
				CLANG_WARN_DEPRECATED_OBJC_IMPLEMENTATIONS = YES;
				CLANG_WARN_DIRECT_OBJC_ISA_USAGE = YES_ERROR;
				CLANG_WARN_DOCUMENTATION_COMMENTS = YES;
				CLANG_WARN_EMPTY_BODY = YES;
				CLANG_WARN_ENUM_CONVERSION = YES;
				CLANG_WARN_INFINITE_RECURSION = YES;
				CLANG_WARN_INT_CONVERSION = YES;
				CLANG_WARN_NON_LITERAL_NULL_CONVERSION = YES;
				CLANG_WARN_OBJC_IMPLICIT_RETAIN_SELF = YES;
				CLANG_WARN_OBJC_LITERAL_CONVERSION = YES;
				CLANG_WARN_OBJC_ROOT_CLASS = YES_ERROR;
				CLANG_WARN_QUOTED_INCLUDE_IN_FRAMEWORK_HEADER = YES;
				CLANG_WARN_RANGE_LOOP_ANALYSIS = YES;
				CLANG_WARN_STRICT_PROTOTYPES = YES;
				CLANG_WARN_SUSPICIOUS_MOVE = YES;
				CLANG_WARN_UNGUARDED_AVAILABILITY = YES_AGGRESSIVE;
				CLANG_WARN_UNREACHABLE_CODE = YES;
				CLANG_WARN__DUPLICATE_METHOD_MATCH = YES;
				COPY_PHASE_STRIP = NO;
				DEBUG_INFORMATION_FORMAT = dwarf;
				ENABLE_STRICT_OBJC_MSGSEND = YES;
				ENABLE_TESTABILITY = YES;
				GCC_C_LANGUAGE_STANDARD = gnu11;
				GCC_DYNAMIC_NO_PIC = NO;
				GCC_NO_COMMON_BLOCKS = YES;
				GCC_OPTIMIZATION_LEVEL = 0;
				GCC_PREPROCESSOR_DEFINITIONS = (
					"DEBUG=1",
					"$(inherited)",
				);
				GCC_WARN_64_TO_32_BIT_CONVERSION = YES;
				GCC_WARN_ABOUT_RETURN_TYPE = YES_ERROR;
				GCC_WARN_UNDECLARED_SELECTOR = YES;
				GCC_WARN_UNINITIALIZED_AUTOS = YES_AGGRESSIVE;
				GCC_WARN_UNUSED_FUNCTION = YES;
				GCC_WARN_UNUSED_VARIABLE = YES;
				IPHONEOS_DEPLOYMENT_TARGET = 15.4;
				MTL_ENABLE_DEBUG_INFO = INCLUDE_SOURCE;
				MTL_FAST_MATH = YES;
				ONLY_ACTIVE_ARCH = YES;
				SDKROOT = iphoneos;
				SWIFT_ACTIVE_COMPILATION_CONDITIONS = DEBUG;
				SWIFT_OPTIMIZATION_LEVEL = "-Onone";
			};
			name = Debug;
		};
		D735B24F27E601FE00EF74B3 /* Release */ = {
			isa = XCBuildConfiguration;
			buildSettings = {
				ALWAYS_SEARCH_USER_PATHS = NO;
				CLANG_ANALYZER_NONNULL = YES;
				CLANG_ANALYZER_NUMBER_OBJECT_CONVERSION = YES_AGGRESSIVE;
				CLANG_CXX_LANGUAGE_STANDARD = "gnu++17";
				CLANG_ENABLE_MODULES = YES;
				CLANG_ENABLE_OBJC_ARC = YES;
				CLANG_ENABLE_OBJC_WEAK = YES;
				CLANG_WARN_BLOCK_CAPTURE_AUTORELEASING = YES;
				CLANG_WARN_BOOL_CONVERSION = YES;
				CLANG_WARN_COMMA = YES;
				CLANG_WARN_CONSTANT_CONVERSION = YES;
				CLANG_WARN_DEPRECATED_OBJC_IMPLEMENTATIONS = YES;
				CLANG_WARN_DIRECT_OBJC_ISA_USAGE = YES_ERROR;
				CLANG_WARN_DOCUMENTATION_COMMENTS = YES;
				CLANG_WARN_EMPTY_BODY = YES;
				CLANG_WARN_ENUM_CONVERSION = YES;
				CLANG_WARN_INFINITE_RECURSION = YES;
				CLANG_WARN_INT_CONVERSION = YES;
				CLANG_WARN_NON_LITERAL_NULL_CONVERSION = YES;
				CLANG_WARN_OBJC_IMPLICIT_RETAIN_SELF = YES;
				CLANG_WARN_OBJC_LITERAL_CONVERSION = YES;
				CLANG_WARN_OBJC_ROOT_CLASS = YES_ERROR;
				CLANG_WARN_QUOTED_INCLUDE_IN_FRAMEWORK_HEADER = YES;
				CLANG_WARN_RANGE_LOOP_ANALYSIS = YES;
				CLANG_WARN_STRICT_PROTOTYPES = YES;
				CLANG_WARN_SUSPICIOUS_MOVE = YES;
				CLANG_WARN_UNGUARDED_AVAILABILITY = YES_AGGRESSIVE;
				CLANG_WARN_UNREACHABLE_CODE = YES;
				CLANG_WARN__DUPLICATE_METHOD_MATCH = YES;
				COPY_PHASE_STRIP = NO;
				DEBUG_INFORMATION_FORMAT = "dwarf-with-dsym";
				ENABLE_NS_ASSERTIONS = NO;
				ENABLE_STRICT_OBJC_MSGSEND = YES;
				GCC_C_LANGUAGE_STANDARD = gnu11;
				GCC_NO_COMMON_BLOCKS = YES;
				GCC_WARN_64_TO_32_BIT_CONVERSION = YES;
				GCC_WARN_ABOUT_RETURN_TYPE = YES_ERROR;
				GCC_WARN_UNDECLARED_SELECTOR = YES;
				GCC_WARN_UNINITIALIZED_AUTOS = YES_AGGRESSIVE;
				GCC_WARN_UNUSED_FUNCTION = YES;
				GCC_WARN_UNUSED_VARIABLE = YES;
				IPHONEOS_DEPLOYMENT_TARGET = 15.4;
				MTL_ENABLE_DEBUG_INFO = NO;
				MTL_FAST_MATH = YES;
				SDKROOT = iphoneos;
				SWIFT_COMPILATION_MODE = wholemodule;
				SWIFT_OPTIMIZATION_LEVEL = "-O";
				VALIDATE_PRODUCT = YES;
			};
			name = Release;
		};
		D735B25127E601FE00EF74B3 /* Debug */ = {
			isa = XCBuildConfiguration;
			baseConfigurationReference = D845C46C187A6927390C9749 /* Pods-RCSceneExample.debug.xcconfig */;
			buildSettings = {
				ASSETCATALOG_COMPILER_APPICON_NAME = AppIcon;
				ASSETCATALOG_COMPILER_GLOBAL_ACCENT_COLOR_NAME = AccentColor;
				CODE_SIGN_STYLE = Automatic;
				CURRENT_PROJECT_VERSION = 1;
				DEVELOPMENT_TEAM = 69G8BQ9KQW;
				GENERATE_INFOPLIST_FILE = YES;
				INFOPLIST_FILE = RCSceneExample/Info.plist;
				INFOPLIST_KEY_UIApplicationSupportsIndirectInputEvents = YES;
				INFOPLIST_KEY_UILaunchStoryboardName = LaunchScreen;
				INFOPLIST_KEY_UIMainStoryboardFile = Main;
				INFOPLIST_KEY_UISupportedInterfaceOrientations_iPad = "UIInterfaceOrientationPortrait UIInterfaceOrientationPortraitUpsideDown UIInterfaceOrientationLandscapeLeft UIInterfaceOrientationLandscapeRight";
				INFOPLIST_KEY_UISupportedInterfaceOrientations_iPhone = "UIInterfaceOrientationPortrait UIInterfaceOrientationLandscapeLeft UIInterfaceOrientationLandscapeRight";
				IPHONEOS_DEPLOYMENT_TARGET = 13.0;
				LD_RUNPATH_SEARCH_PATHS = (
					"$(inherited)",
					"@executable_path/Frameworks",
				);
				MARKETING_VERSION = 1.0;
				PRODUCT_BUNDLE_IDENTIFIER = cn.rcrtc.RCSceneExample;
				PRODUCT_NAME = "$(TARGET_NAME)";
				SWIFT_EMIT_LOC_STRINGS = YES;
				SWIFT_VERSION = 5.0;
				TARGETED_DEVICE_FAMILY = "1,2";
			};
			name = Debug;
		};
		D735B25227E601FE00EF74B3 /* Release */ = {
			isa = XCBuildConfiguration;
			baseConfigurationReference = A54DD5B5F9047D944C9E039C /* Pods-RCSceneExample.release.xcconfig */;
			buildSettings = {
				ASSETCATALOG_COMPILER_APPICON_NAME = AppIcon;
				ASSETCATALOG_COMPILER_GLOBAL_ACCENT_COLOR_NAME = AccentColor;
				CODE_SIGN_STYLE = Automatic;
				CURRENT_PROJECT_VERSION = 1;
				DEVELOPMENT_TEAM = 69G8BQ9KQW;
				GENERATE_INFOPLIST_FILE = YES;
				INFOPLIST_FILE = RCSceneExample/Info.plist;
				INFOPLIST_KEY_UIApplicationSupportsIndirectInputEvents = YES;
				INFOPLIST_KEY_UILaunchStoryboardName = LaunchScreen;
				INFOPLIST_KEY_UIMainStoryboardFile = Main;
				INFOPLIST_KEY_UISupportedInterfaceOrientations_iPad = "UIInterfaceOrientationPortrait UIInterfaceOrientationPortraitUpsideDown UIInterfaceOrientationLandscapeLeft UIInterfaceOrientationLandscapeRight";
				INFOPLIST_KEY_UISupportedInterfaceOrientations_iPhone = "UIInterfaceOrientationPortrait UIInterfaceOrientationLandscapeLeft UIInterfaceOrientationLandscapeRight";
				IPHONEOS_DEPLOYMENT_TARGET = 13.0;
				LD_RUNPATH_SEARCH_PATHS = (
					"$(inherited)",
					"@executable_path/Frameworks",
				);
				MARKETING_VERSION = 1.0;
				PRODUCT_BUNDLE_IDENTIFIER = cn.rcrtc.RCSceneExample;
				PRODUCT_NAME = "$(TARGET_NAME)";
				SWIFT_EMIT_LOC_STRINGS = YES;
				SWIFT_VERSION = 5.0;
				TARGETED_DEVICE_FAMILY = "1,2";
			};
			name = Release;
		};
/* End XCBuildConfiguration section */

/* Begin XCConfigurationList section */
		D735B23727E601F900EF74B3 /* Build configuration list for PBXProject "RCSceneExample" */ = {
			isa = XCConfigurationList;
			buildConfigurations = (
				D735B24E27E601FE00EF74B3 /* Debug */,
				D735B24F27E601FE00EF74B3 /* Release */,
			);
			defaultConfigurationIsVisible = 0;
			defaultConfigurationName = Release;
		};
		D735B25027E601FE00EF74B3 /* Build configuration list for PBXNativeTarget "RCSceneExample" */ = {
			isa = XCConfigurationList;
			buildConfigurations = (
				D735B25127E601FE00EF74B3 /* Debug */,
				D735B25227E601FE00EF74B3 /* Release */,
			);
			defaultConfigurationIsVisible = 0;
			defaultConfigurationName = Release;
		};
/* End XCConfigurationList section */
	};
	rootObject = D735B23427E601F900EF74B3 /* Project object */;
}
