PODS:
  - Alamofire (5.5.0)
  - FCFileManager (1.0.20)
  - IQKeyboardManager (6.5.9)
  - Kingfisher (7.2.0)
  - Masonry (1.1.0)
  - MJRefresh (3.7.5)
  - Moya (15.0.0):
    - Moya/Core (= 15.0.0)
  - Moya/Core (15.0.0):
    - Alamofire (~> 5.0)
  - Pulsator (0.6.0)
  - RCCoreKit (0.0.1):
    - FCFileManager
    - SSZipArchive
    - YYModel
  - RCLiveVideoLib (2.1.0.3):
    - RongCloudIM/IMLib
    - RongCloudRTC/RongRTCLib
  - RCMusicControlKit (0.0.2.2):
    - Masonry
    - RCCoreKit
    - SDWebImage
    - YYModel
  - RCSceneChatroomKit (0.0.3.1):
    - Masonry
    - RCCoreKit
    - YYModel
  - RCSceneFoundation (0.0.2):
    - SwiftyBeaver
  - RCSceneGift (0.0.2):
    - Kingfisher
    - Moya
    - RCSceneFoundation
    - RCSceneMessage
    - RCSceneService (>= 0.0.2)
    - Reusable
    - RongCloudIM/IMLib
    - SnapKit
    - SVProgressHUD
  - RCSceneMessage (0.0.1):
    - RongCloudIM/IMLib
  - RCSceneMusic (0.0.2.1):
    - Moya
    - RCMusicControlKit
    - RCSceneMessage
    - RCSceneService (>= 0.0.2)
    - RongCloudRTC/RongRTCLib
    - SVProgressHUD
  - RCSceneRoom (0.0.2.3):
    - Kingfisher
    - RCSceneChatroomKit
    - RCSceneMessage
    - RCSceneService (>= 0.0.2)
    - Reusable
    - RongCloudIM/IMKit
    - SnapKit
    - SVProgressHUD
  - RCSceneRoomSetting (0.0.1):
    - RCSceneFoundation
    - RCSceneService
    - Reusable
    - SnapKit
  - RCSceneService (0.0.2):
    - Moya
    - RCSceneFoundation (>= 0.0.2)
    - ReachabilitySwift
  - RCSceneVideoRoom (0.0.2):
    - IQKeyboardManager
    - MJRefresh
    - Pulsator
    - RCLiveVideoLib
    - RCSceneGift
    - RCSceneMusic
    - RCSceneRoom (>= 0.0.2.3)
    - RCSceneRoomSetting
    - SDWebImage
    - XCoordinator
  - ReachabilitySwift (5.0.0)
  - Reusable (4.1.2):
    - Reusable/Storyboard (= 4.1.2)
    - Reusable/View (= 4.1.2)
  - Reusable/Storyboard (4.1.2)
  - Reusable/View (4.1.2)
  - RongCloudIM/ChatRoom (5.1.8):
    - RongCloudIM/IMLibCore
  - RongCloudIM/CustomerService (5.1.8):
    - RongCloudIM/IMLibCore
  - RongCloudIM/Discussion (5.1.8):
    - RongCloudIM/IMLibCore
  - RongCloudIM/IMKit (5.1.8):
    - RongCloudIM/IMLib
  - RongCloudIM/IMLib (5.1.8):
    - RongCloudIM/ChatRoom
    - RongCloudIM/CustomerService
    - RongCloudIM/Discussion
    - RongCloudIM/IMLibCore
    - RongCloudIM/Location
    - RongCloudIM/PublicService
  - RongCloudIM/IMLibCore (5.1.8)
  - RongCloudIM/Location (5.1.8):
    - RongCloudIM/IMLibCore
  - RongCloudIM/PublicService (5.1.8):
    - RongCloudIM/IMLibCore
  - RongCloudRTC/RongRTCLib (5.1.16.1):
    - RongCloudIM/IMLibCore (>= 5.1.3)
  - RongCloudRTC/RongRTCPlayer (5.1.16.1):
    - RongCloudRTC/RongRTCLib
  - SDWebImage (5.12.5):
    - SDWebImage/Core (= 5.12.5)
  - SDWebImage/Core (5.12.5)
  - SnapKit (5.0.1)
  - SSZipArchive (2.4.3)
  - SVProgressHUD (2.2.5)
  - SwiftyBeaver (1.9.5)
  - XCoordinator (2.0.7):
    - XCoordinator/Core (= 2.0.7)
  - XCoordinator/Core (2.0.7)
  - YYModel (1.0.4)

DEPENDENCIES:
  - RCLiveVideoLib (from `../../rclivevideolib-ios`)
  - RCSceneVideoRoom (from `../`)
  - RongCloudIM/IMKit (= 5.1.8)
  - RongCloudIM/IMLib (= 5.1.8)
  - RongCloudRTC/RongRTCLib (= 5.1.16.1)
  - RongCloudRTC/RongRTCPlayer (= 5.1.16.1)

SPEC REPOS:
  trunk:
    - Alamofire
    - FCFileManager
    - IQKeyboardManager
    - Kingfisher
    - Masonry
    - MJRefresh
    - Moya
    - Pulsator
    - RCCoreKit
    - RCMusicControlKit
    - RCSceneChatroomKit
    - RCSceneFoundation
    - RCSceneGift
    - RCSceneMessage
    - RCSceneMusic
    - RCSceneRoom
    - RCSceneRoomSetting
    - RCSceneService
    - ReachabilitySwift
    - Reusable
    - RongCloudIM
    - RongCloudRTC
    - SDWebImage
    - SnapKit
    - SSZipArchive
    - SVProgressHUD
    - SwiftyBeaver
    - XCoordinator
    - YYModel

EXTERNAL SOURCES:
  RCLiveVideoLib:
    :path: "../../rclivevideolib-ios"
  RCSceneVideoRoom:
    :path: "../"

SPEC CHECKSUMS:
  Alamofire: 1c4fb5369c3fe93d2857c780d8bbe09f06f97e7c
  FCFileManager: e0f73316e6aa2eb04d2ff4caa75fe7df1ae44270
  IQKeyboardManager: 241cc94ccabc9deb8f8bd7d12f00d73288d13ecc
  Kingfisher: 3ac0b75b155cabc0e544877d1a4deea29feece92
  Masonry: 678fab65091a9290e40e2832a55e7ab731aad201
  MJRefresh: fdf5e979eb406a0341468932d1dfc8b7f9fce961
  Moya: 138f0573e53411fb3dc17016add0b748dfbd78ee
  Pulsator: eb5a9f9be4bdcbd19903984c65deca6aabe50a17
  RCCoreKit: 3f143441ac62880b454cca9066f526a27c45d4ce
  RCLiveVideoLib: 97f051662c57ce0885f8d4f5a22a9b8ce3e22e80
  RCMusicControlKit: f6eb6d366be36e14ab8869de970d2acb03bc23f7
  RCSceneChatroomKit: 5fa306001c88bc075365a3ed8a76776e151670f2
  RCSceneFoundation: 6d91dda21fe9cc4aab6718dd6940a7e29e028955
  RCSceneGift: 9f20fa9c53ba987e0463fdc16b5b2dc166babe73
  RCSceneMessage: 926880788dcb19bf49c9631e82e1e8abc2957397
  RCSceneMusic: 78f5ad0c0425839ece1b73d65a781e3c6bdc3219
  RCSceneRoom: 8357c40968eb7a1bd3409c2a507e1896a721521e
  RCSceneRoomSetting: 11a8e424f770e752205a3dfd5497aa0b0e1ee46e
  RCSceneService: 8810bb3c043162e0eca81a13bddb95e0fb01ca03
  RCSceneVideoRoom: cb5c458b83c8d9473e3226019593e7b01134b771
  ReachabilitySwift: 985039c6f7b23a1da463388634119492ff86c825
  Reusable: 6bae6a5e8aa793c9c441db0213c863a64bce9136
  RongCloudIM: c871de12fdc601a4335e17d8df17232f56b8d089
  RongCloudRTC: 39fe65cc3099103d33989b531c9f45a587060316
  SDWebImage: 0905f1b7760fc8ac4198cae0036600d67478751e
  SnapKit: 97b92857e3df3a0c71833cce143274bf6ef8e5eb
  SSZipArchive: fe6a26b2a54d5a0890f2567b5cc6de5caa600aef
  SVProgressHUD: 1428aafac632c1f86f62aa4243ec12008d7a51d6
  SwiftyBeaver: 84069991dd5dca07d7069100985badaca7f0ce82
  XCoordinator: 9ee654fedef1ffede33d5c11677708a555c00542
  YYModel: 2a7fdd96aaa4b86a824e26d0c517de8928c04b30

PODFILE CHECKSUM: 74be595bf70804723bdf970fea3c1cef16d8755d

COCOAPODS: 1.11.3
